
Microsoft Visual Studio Solution File, Format Version 12.00
# Visual Studio Version 17
VisualStudioVersion = 17.5.33530.505
MinimumVisualStudioVersion = 10.0.40219.1
Project("{FAE04EC0-301F-11D3-BF4B-00C04F79EFBC}") = "Giphy.API", "Giphy.API\Giphy.API.csproj", "{CCCC37DA-DC83-4F68-BD89-E76B92095C12}"
EndProject
Project("{FAE04EC0-301F-11D3-BF4B-00C04F79EFBC}") = "Giphy.Core", "Giphy.Core\Giphy.Core.csproj", "{5B4F6F05-F589-4CA4-9B6C-7E3E6A24DBF1}"
EndProject
Global
	GlobalSection(SolutionConfigurationPlatforms) = preSolution
		Debug|Any CPU = Debug|Any CPU
		Release|Any CPU = Release|Any CPU
	EndGlobalSection
	GlobalSection(ProjectConfigurationPlatforms) = postSolution
		{CCCC37DA-DC83-4F68-BD89-E76B92095C12}.Debug|Any CPU.ActiveCfg = Debug|Any CPU
		{CCCC37DA-DC83-4F68-BD89-E76B92095C12}.Debug|Any CPU.Build.0 = Debug|Any CPU
		{CCCC37DA-DC83-4F68-BD89-E76B92095C12}.Release|Any CPU.ActiveCfg = Release|Any CPU
		{CCCC37DA-DC83-4F68-BD89-E76B92095C12}.Release|Any CPU.Build.0 = Release|Any CPU
		{5B4F6F05-F589-4CA4-9B6C-7E3E6A24DBF1}.Debug|Any CPU.ActiveCfg = Debug|Any CPU
		{5B4F6F05-F589-4CA4-9B6C-7E3E6A24DBF1}.Debug|Any CPU.Build.0 = Debug|Any CPU
		{5B4F6F05-F589-4CA4-9B6C-7E3E6A24DBF1}.Release|Any CPU.ActiveCfg = Release|Any CPU
		{5B4F6F05-F589-4CA4-9B6C-7E3E6A24DBF1}.Release|Any CPU.Build.0 = Release|Any CPU
	EndGlobalSection
	GlobalSection(SolutionProperties) = preSolution
		HideSolutionNode = FALSE
	EndGlobalSection
	GlobalSection(ExtensibilityGlobals) = postSolution
		SolutionGuid = {C1E2D701-34F2-4E5D-B19A-4F96C7FF5B55}
	EndGlobalSection
EndGlobal
